
Microsoft Visual Studio Solution File, Format Version 12.00
# Visual Studio Version 17
VisualStudioVersion = 17.4.32916.344
MinimumVisualStudioVersion = 10.0.40219.1
Project("{FAE04EC0-301F-11D3-BF4B-00C04F79EFBC}") = "double_glazing_test_program", "double_glazing_test_program\double_glazing_test_program.csproj", "{6B8DACC7-8CF2-44D9-AB0E-D2E87457264E}"
EndProject
Global
	GlobalSection(SolutionConfigurationPlatforms) = preSolution
		Debug|Any CPU = Debug|Any CPU
		Release|Any CPU = Release|Any CPU
	EndGlobalSection
	GlobalSection(ProjectConfigurationPlatforms) = postSolution
		{6B8DACC7-8CF2-44D9-AB0E-D2E87457264E}.Debug|Any CPU.ActiveCfg = Debug|Any CPU
		{6B8DACC7-8CF2-44D9-AB0E-D2E87457264E}.Debug|Any CPU.Build.0 = Debug|Any CPU
		{6B8DACC7-8CF2-44D9-AB0E-D2E87457264E}.Release|Any CPU.ActiveCfg = Release|Any CPU
		{6B8DACC7-8CF2-44D9-AB0E-D2E87457264E}.Release|Any CPU.Build.0 = Release|Any CPU
	EndGlobalSection
	GlobalSection(SolutionProperties) = preSolution
		HideSolutionNode = FALSE
	EndGlobalSection
	GlobalSection(ExtensibilityGlobals) = postSolution
		SolutionGuid = {42B65753-8B40-48EE-93AD-06EB22075437}
	EndGlobalSection
EndGlobal
